
Microsoft Visual Studio Solution File, Format Version 12.00
# Visual Studio Version 17
VisualStudioVersion = 17.0.31903.59
MinimumVisualStudioVersion = 10.0.40219.1
Project("{2150E333-8FDC-42A3-9474-1A3956D46DE8}") = "Engine", "Engine", "{30A3AF2D-EA93-4A54-9C1F-ABA7263B6BF5}"
EndProject
Project("{FAE04EC0-301F-11D3-BF4B-00C04F79EFBC}") = "FrostRaven", "FrostRaven\FrostRaven.csproj", "{7B62CB36-574F-4884-A732-1C19E5068593}"
EndProject
Project("{FAE04EC0-301F-11D3-BF4B-00C04F79EFBC}") = "SandBox", "SandBox\SandBox.csproj", "{EE86B704-1364-432F-8B47-47C7C284718C}"
EndProject
Global
	GlobalSection(SolutionConfigurationPlatforms) = preSolution
		Debug|Any CPU = Debug|Any CPU
		Release|Any CPU = Release|Any CPU
	EndGlobalSection
	GlobalSection(ProjectConfigurationPlatforms) = postSolution
		{7B62CB36-574F-4884-A732-1C19E5068593}.Debug|Any CPU.ActiveCfg = Debug|Any CPU
		{7B62CB36-574F-4884-A732-1C19E5068593}.Debug|Any CPU.Build.0 = Debug|Any CPU
		{7B62CB36-574F-4884-A732-1C19E5068593}.Release|Any CPU.ActiveCfg = Release|Any CPU
		{7B62CB36-574F-4884-A732-1C19E5068593}.Release|Any CPU.Build.0 = Release|Any CPU
		{EE86B704-1364-432F-8B47-47C7C284718C}.Debug|Any CPU.ActiveCfg = Debug|Any CPU
		{EE86B704-1364-432F-8B47-47C7C284718C}.Debug|Any CPU.Build.0 = Debug|Any CPU
		{EE86B704-1364-432F-8B47-47C7C284718C}.Release|Any CPU.ActiveCfg = Release|Any CPU
		{EE86B704-1364-432F-8B47-47C7C284718C}.Release|Any CPU.Build.0 = Release|Any CPU
	EndGlobalSection
	GlobalSection(SolutionProperties) = preSolution
		HideSolutionNode = FALSE
	EndGlobalSection
	GlobalSection(NestedProjects) = preSolution
		{7B62CB36-574F-4884-A732-1C19E5068593} = {30A3AF2D-EA93-4A54-9C1F-ABA7263B6BF5}
	EndGlobalSection
	GlobalSection(ExtensibilityGlobals) = postSolution
		SolutionGuid = {7FB14079-514F-4B12-A5F5-0B3A30FC7BB3}
	EndGlobalSection
EndGlobal
